// !$*UTF8*$!
{
	archiveVersion = 1;
	classes = {
	};
	objectVersion = 56;
	objects = {

/* Begin PBXBuildFile section */
		5214DB512AD1771300CA6DE9 /* SnapKit in Frameworks */ = {isa = PBXBuildFile; productRef = 5214DB502AD1771300CA6DE9 /* SnapKit */; };
		5214DB542AD1772400CA6DE9 /* Then in Frameworks */ = {isa = PBXBuildFile; productRef = 5214DB532AD1772400CA6DE9 /* Then */; };
		5214DB572AD17B0E00CA6DE9 /* RxBlocking in Frameworks */ = {isa = PBXBuildFile; productRef = 5214DB562AD17B0E00CA6DE9 /* RxBlocking */; };
		5214DB592AD17B0E00CA6DE9 /* RxCocoa in Frameworks */ = {isa = PBXBuildFile; productRef = 5214DB582AD17B0E00CA6DE9 /* RxCocoa */; };
		5214DB5B2AD17B0E00CA6DE9 /* RxRelay in Frameworks */ = {isa = PBXBuildFile; productRef = 5214DB5A2AD17B0E00CA6DE9 /* RxRelay */; };
		5214DB5D2AD17BE800CA6DE9 /* UIView.swift in Sources */ = {isa = PBXBuildFile; fileRef = 5214DB5C2AD17BE800CA6DE9 /* UIView.swift */; };
		5214DB602AD17D1800CA6DE9 /* UIColor.swift in Sources */ = {isa = PBXBuildFile; fileRef = 5214DB5F2AD17D1800CA6DE9 /* UIColor.swift */; };
		52721FD52ACFA14800FD60E8 /* AppDelegate.swift in Sources */ = {isa = PBXBuildFile; fileRef = 52721FD42ACFA14800FD60E8 /* AppDelegate.swift */; };
		52721FD72ACFA14800FD60E8 /* SceneDelegate.swift in Sources */ = {isa = PBXBuildFile; fileRef = 52721FD62ACFA14800FD60E8 /* SceneDelegate.swift */; };
		52721FD92ACFA14800FD60E8 /* ViewController.swift in Sources */ = {isa = PBXBuildFile; fileRef = 52721FD82ACFA14800FD60E8 /* ViewController.swift */; };
		52721FDE2ACFA14A00FD60E8 /* Assets.xcassets in Resources */ = {isa = PBXBuildFile; fileRef = 52721FDD2ACFA14A00FD60E8 /* Assets.xcassets */; };
		52721FE12ACFA14A00FD60E8 /* LaunchScreen.storyboard in Resources */ = {isa = PBXBuildFile; fileRef = 52721FDF2ACFA14A00FD60E8 /* LaunchScreen.storyboard */; };
/* End PBXBuildFile section */

/* Begin PBXFileReference section */
		5214DB5C2AD17BE800CA6DE9 /* UIView.swift */ = {isa = PBXFileReference; lastKnownFileType = sourcecode.swift; path = UIView.swift; sourceTree = "<group>"; };
		5214DB5F2AD17D1800CA6DE9 /* UIColor.swift */ = {isa = PBXFileReference; lastKnownFileType = sourcecode.swift; path = UIColor.swift; sourceTree = "<group>"; };
		52721FD12ACFA14800FD60E8 /* chatter.app */ = {isa = PBXFileReference; explicitFileType = wrapper.application; includeInIndex = 0; path = chatter.app; sourceTree = BUILT_PRODUCTS_DIR; };
		52721FD42ACFA14800FD60E8 /* AppDelegate.swift */ = {isa = PBXFileReference; lastKnownFileType = sourcecode.swift; path = AppDelegate.swift; sourceTree = "<group>"; };
		52721FD62ACFA14800FD60E8 /* SceneDelegate.swift */ = {isa = PBXFileReference; lastKnownFileType = sourcecode.swift; path = SceneDelegate.swift; sourceTree = "<group>"; };
		52721FD82ACFA14800FD60E8 /* ViewController.swift */ = {isa = PBXFileReference; lastKnownFileType = sourcecode.swift; path = ViewController.swift; sourceTree = "<group>"; };
		52721FDD2ACFA14A00FD60E8 /* Assets.xcassets */ = {isa = PBXFileReference; lastKnownFileType = folder.assetcatalog; path = Assets.xcassets; sourceTree = "<group>"; };
		52721FE02ACFA14A00FD60E8 /* Base */ = {isa = PBXFileReference; lastKnownFileType = file.storyboard; name = Base; path = Base.lproj/LaunchScreen.storyboard; sourceTree = "<group>"; };
		52721FE22ACFA14A00FD60E8 /* Info.plist */ = {isa = PBXFileReference; lastKnownFileType = text.plist.xml; path = Info.plist; sourceTree = "<group>"; };
/* End PBXFileReference section */

/* Begin PBXFrameworksBuildPhase section */
		52721FCE2ACFA14800FD60E8 /* Frameworks */ = {
			isa = PBXFrameworksBuildPhase;
			buildActionMask = 2147483647;
			files = (
				5214DB5B2AD17B0E00CA6DE9 /* RxRelay in Frameworks */,
				5214DB512AD1771300CA6DE9 /* SnapKit in Frameworks */,
				5214DB572AD17B0E00CA6DE9 /* RxBlocking in Frameworks */,
				5214DB592AD17B0E00CA6DE9 /* RxCocoa in Frameworks */,
				5214DB542AD1772400CA6DE9 /* Then in Frameworks */,
			);
			runOnlyForDeploymentPostprocessing = 0;
		};
/* End PBXFrameworksBuildPhase section */

/* Begin PBXGroup section */
		5214DB5E2AD17C8100CA6DE9 /* Extensions */ = {
			isa = PBXGroup;
			children = (
				5214DB5C2AD17BE800CA6DE9 /* UIView.swift */,
				5214DB5F2AD17D1800CA6DE9 /* UIColor.swift */,
			);
			path = Extensions;
			sourceTree = "<group>";
		};
		52721FC82ACFA14800FD60E8 = {
			isa = PBXGroup;
			children = (
				52721FD32ACFA14800FD60E8 /* chatter */,
				52721FD22ACFA14800FD60E8 /* Products */,
			);
			sourceTree = "<group>";
		};
		52721FD22ACFA14800FD60E8 /* Products */ = {
			isa = PBXGroup;
			children = (
				52721FD12ACFA14800FD60E8 /* chatter.app */,
			);
			name = Products;
			sourceTree = "<group>";
		};
		52721FD32ACFA14800FD60E8 /* chatter */ = {
			isa = PBXGroup;
			children = (
				5214DB5E2AD17C8100CA6DE9 /* Extensions */,
				52721FD42ACFA14800FD60E8 /* AppDelegate.swift */,
				52721FD62ACFA14800FD60E8 /* SceneDelegate.swift */,
				52721FD82ACFA14800FD60E8 /* ViewController.swift */,
				52721FDD2ACFA14A00FD60E8 /* Assets.xcassets */,
				52721FDF2ACFA14A00FD60E8 /* LaunchScreen.storyboard */,
				52721FE22ACFA14A00FD60E8 /* Info.plist */,
			);
			path = chatter;
			sourceTree = "<group>";
		};
/* End PBXGroup section */

/* Begin PBXNativeTarget section */
		52721FD02ACFA14800FD60E8 /* chatter */ = {
			isa = PBXNativeTarget;
			buildConfigurationList = 52721FE52ACFA14A00FD60E8 /* Build configuration list for PBXNativeTarget "chatter" */;
			buildPhases = (
				52721FCD2ACFA14800FD60E8 /* Sources */,
				52721FCE2ACFA14800FD60E8 /* Frameworks */,
				52721FCF2ACFA14800FD60E8 /* Resources */,
			);
			buildRules = (
			);
			dependencies = (
			);
			name = chatter;
			packageProductDependencies = (
				5214DB502AD1771300CA6DE9 /* SnapKit */,
				5214DB532AD1772400CA6DE9 /* Then */,
				5214DB562AD17B0E00CA6DE9 /* RxBlocking */,
				5214DB582AD17B0E00CA6DE9 /* RxCocoa */,
				5214DB5A2AD17B0E00CA6DE9 /* RxRelay */,
			);
			productName = chatter;
			productReference = 52721FD12ACFA14800FD60E8 /* chatter.app */;
			productType = "com.apple.product-type.application";
		};
/* End PBXNativeTarget section */

/* Begin PBXProject section */
		52721FC92ACFA14800FD60E8 /* Project object */ = {
			isa = PBXProject;
			attributes = {
				BuildIndependentTargetsInParallel = 1;
				LastSwiftUpdateCheck = 1500;
				LastUpgradeCheck = 1500;
				TargetAttributes = {
					52721FD02ACFA14800FD60E8 = {
						CreatedOnToolsVersion = 15.0;
					};
				};
			};
			buildConfigurationList = 52721FCC2ACFA14800FD60E8 /* Build configuration list for PBXProject "chatter" */;
			compatibilityVersion = "Xcode 14.0";
			developmentRegion = en;
			hasScannedForEncodings = 0;
			knownRegions = (
				en,
				Base,
			);
			mainGroup = 52721FC82ACFA14800FD60E8;
			packageReferences = (
				5214DB4F2AD1771300CA6DE9 /* XCRemoteSwiftPackageReference "SnapKit" */,
				5214DB522AD1772300CA6DE9 /* XCRemoteSwiftPackageReference "Then" */,
				5214DB552AD17B0E00CA6DE9 /* XCRemoteSwiftPackageReference "RxSwift" */,
			);
			productRefGroup = 52721FD22ACFA14800FD60E8 /* Products */;
			projectDirPath = "";
			projectRoot = "";
			targets = (
				52721FD02ACFA14800FD60E8 /* chatter */,
			);
		};
/* End PBXProject section */

/* Begin PBXResourcesBuildPhase section */
		52721FCF2ACFA14800FD60E8 /* Resources */ = {
			isa = PBXResourcesBuildPhase;
			buildActionMask = 2147483647;
			files = (
				52721FE12ACFA14A00FD60E8 /* LaunchScreen.storyboard in Resources */,
				52721FDE2ACFA14A00FD60E8 /* Assets.xcassets in Resources */,
			);
			runOnlyForDeploymentPostprocessing = 0;
		};
/* End PBXResourcesBuildPhase section */

/* Begin PBXSourcesBuildPhase section */
		52721FCD2ACFA14800FD60E8 /* Sources */ = {
			isa = PBXSourcesBuildPhase;
			buildActionMask = 2147483647;
			files = (
				5214DB5D2AD17BE800CA6DE9 /* UIView.swift in Sources */,
				52721FD92ACFA14800FD60E8 /* ViewController.swift in Sources */,
				52721FD52ACFA14800FD60E8 /* AppDelegate.swift in Sources */,
				52721FD72ACFA14800FD60E8 /* SceneDelegate.swift in Sources */,
				5214DB602AD17D1800CA6DE9 /* UIColor.swift in Sources */,
			);
			runOnlyForDeploymentPostprocessing = 0;
		};
/* End PBXSourcesBuildPhase section */

/* Begin PBXVariantGroup section */
		52721FDF2ACFA14A00FD60E8 /* LaunchScreen.storyboard */ = {
			isa = PBXVariantGroup;
			children = (
				52721FE02ACFA14A00FD60E8 /* Base */,
			);
			name = LaunchScreen.storyboard;
			sourceTree = "<group>";
		};
/* End PBXVariantGroup section */

/* Begin XCBuildConfiguration section */
		52721FE32ACFA14A00FD60E8 /* Debug */ = {
			isa = XCBuildConfiguration;
			buildSettings = {
				ALWAYS_SEARCH_USER_PATHS = NO;
				ASSETCATALOG_COMPILER_GENERATE_SWIFT_ASSET_SYMBOL_EXTENSIONS = YES;
				CLANG_ANALYZER_NONNULL = YES;
				CLANG_ANALYZER_NUMBER_OBJECT_CONVERSION = YES_AGGRESSIVE;
				CLANG_CXX_LANGUAGE_STANDARD = "gnu++20";
				CLANG_ENABLE_MODULES = YES;
				CLANG_ENABLE_OBJC_ARC = YES;
				CLANG_ENABLE_OBJC_WEAK = YES;
				CLANG_WARN_BLOCK_CAPTURE_AUTORELEASING = YES;
				CLANG_WARN_BOOL_CONVERSION = YES;
				CLANG_WARN_COMMA = YES;
				CLANG_WARN_CONSTANT_CONVERSION = YES;
				CLANG_WARN_DEPRECATED_OBJC_IMPLEMENTATIONS = YES;
				CLANG_WARN_DIRECT_OBJC_ISA_USAGE = YES_ERROR;
				CLANG_WARN_DOCUMENTATION_COMMENTS = YES;
				CLANG_WARN_EMPTY_BODY = YES;
				CLANG_WARN_ENUM_CONVERSION = YES;
				CLANG_WARN_INFINITE_RECURSION = YES;
				CLANG_WARN_INT_CONVERSION = YES;
				CLANG_WARN_NON_LITERAL_NULL_CONVERSION = YES;
				CLANG_WARN_OBJC_IMPLICIT_RETAIN_SELF = YES;
				CLANG_WARN_OBJC_LITERAL_CONVERSION = YES;
				CLANG_WARN_OBJC_ROOT_CLASS = YES_ERROR;
				CLANG_WARN_QUOTED_INCLUDE_IN_FRAMEWORK_HEADER = YES;
				CLANG_WARN_RANGE_LOOP_ANALYSIS = YES;
				CLANG_WARN_STRICT_PROTOTYPES = YES;
				CLANG_WARN_SUSPICIOUS_MOVE = YES;
				CLANG_WARN_UNGUARDED_AVAILABILITY = YES_AGGRESSIVE;
				CLANG_WARN_UNREACHABLE_CODE = YES;
				CLANG_WARN__DUPLICATE_METHOD_MATCH = YES;
				COPY_PHASE_STRIP = NO;
				DEBUG_INFORMATION_FORMAT = dwarf;
				ENABLE_STRICT_OBJC_MSGSEND = YES;
				ENABLE_TESTABILITY = YES;
				ENABLE_USER_SCRIPT_SANDBOXING = YES;
				GCC_C_LANGUAGE_STANDARD = gnu17;
				GCC_DYNAMIC_NO_PIC = NO;
				GCC_NO_COMMON_BLOCKS = YES;
				GCC_OPTIMIZATION_LEVEL = 0;
				GCC_PREPROCESSOR_DEFINITIONS = (
					"DEBUG=1",
					"$(inherited)",
				);
				GCC_WARN_64_TO_32_BIT_CONVERSION = YES;
				GCC_WARN_ABOUT_RETURN_TYPE = YES_ERROR;
				GCC_WARN_UNDECLARED_SELECTOR = YES;
				GCC_WARN_UNINITIALIZED_AUTOS = YES_AGGRESSIVE;
				GCC_WARN_UNUSED_FUNCTION = YES;
				GCC_WARN_UNUSED_VARIABLE = YES;
				IPHONEOS_DEPLOYMENT_TARGET = 13.0;
				LOCALIZATION_PREFERS_STRING_CATALOGS = YES;
				MTL_ENABLE_DEBUG_INFO = INCLUDE_SOURCE;
				MTL_FAST_MATH = YES;
				ONLY_ACTIVE_ARCH = YES;
				SDKROOT = iphoneos;
				SWIFT_ACTIVE_COMPILATION_CONDITIONS = "DEBUG $(inherited)";
				SWIFT_OPTIMIZATION_LEVEL = "-Onone";
			};
			name = Debug;
		};
		52721FE42ACFA14A00FD60E8 /* Release */ = {
			isa = XCBuildConfiguration;
			buildSettings = {
				ALWAYS_SEARCH_USER_PATHS = NO;
				ASSETCATALOG_COMPILER_GENERATE_SWIFT_ASSET_SYMBOL_EXTENSIONS = YES;
				CLANG_ANALYZER_NONNULL = YES;
				CLANG_ANALYZER_NUMBER_OBJECT_CONVERSION = YES_AGGRESSIVE;
				CLANG_CXX_LANGUAGE_STANDARD = "gnu++20";
				CLANG_ENABLE_MODULES = YES;
				CLANG_ENABLE_OBJC_ARC = YES;
				CLANG_ENABLE_OBJC_WEAK = YES;
				CLANG_WARN_BLOCK_CAPTURE_AUTORELEASING = YES;
				CLANG_WARN_BOOL_CONVERSION = YES;
				CLANG_WARN_COMMA = YES;
				CLANG_WARN_CONSTANT_CONVERSION = YES;
				CLANG_WARN_DEPRECATED_OBJC_IMPLEMENTATIONS = YES;
				CLANG_WARN_DIRECT_OBJC_ISA_USAGE = YES_ERROR;
				CLANG_WARN_DOCUMENTATION_COMMENTS = YES;
				CLANG_WARN_EMPTY_BODY = YES;
				CLANG_WARN_ENUM_CONVERSION = YES;
				CLANG_WARN_INFINITE_RECURSION = YES;
				CLANG_WARN_INT_CONVERSION = YES;
				CLANG_WARN_NON_LITERAL_NULL_CONVERSION = YES;
				CLANG_WARN_OBJC_IMPLICIT_RETAIN_SELF = YES;
				CLANG_WARN_OBJC_LITERAL_CONVERSION = YES;
				CLANG_WARN_OBJC_ROOT_CLASS = YES_ERROR;
				CLANG_WARN_QUOTED_INCLUDE_IN_FRAMEWORK_HEADER = YES;
				CLANG_WARN_RANGE_LOOP_ANALYSIS = YES;
				CLANG_WARN_STRICT_PROTOTYPES = YES;
				CLANG_WARN_SUSPICIOUS_MOVE = YES;
				CLANG_WARN_UNGUARDED_AVAILABILITY = YES_AGGRESSIVE;
				CLANG_WARN_UNREACHABLE_CODE = YES;
				CLANG_WARN__DUPLICATE_METHOD_MATCH = YES;
				COPY_PHASE_STRIP = NO;
				DEBUG_INFORMATION_FORMAT = "dwarf-with-dsym";
				ENABLE_NS_ASSERTIONS = NO;
				ENABLE_STRICT_OBJC_MSGSEND = YES;
				ENABLE_USER_SCRIPT_SANDBOXING = YES;
				GCC_C_LANGUAGE_STANDARD = gnu17;
				GCC_NO_COMMON_BLOCKS = YES;
				GCC_WARN_64_TO_32_BIT_CONVERSION = YES;
				GCC_WARN_ABOUT_RETURN_TYPE = YES_ERROR;
				GCC_WARN_UNDECLARED_SELECTOR = YES;
				GCC_WARN_UNINITIALIZED_AUTOS = YES_AGGRESSIVE;
				GCC_WARN_UNUSED_FUNCTION = YES;
				GCC_WARN_UNUSED_VARIABLE = YES;
				IPHONEOS_DEPLOYMENT_TARGET = 13.0;
				LOCALIZATION_PREFERS_STRING_CATALOGS = YES;
				MTL_ENABLE_DEBUG_INFO = NO;
				MTL_FAST_MATH = YES;
				SDKROOT = iphoneos;
				SWIFT_COMPILATION_MODE = wholemodule;
				VALIDATE_PRODUCT = YES;
			};
			name = Release;
		};
		52721FE62ACFA14A00FD60E8 /* Debug */ = {
			isa = XCBuildConfiguration;
			buildSettings = {
				ASSETCATALOG_COMPILER_APPICON_NAME = AppIcon;
				ASSETCATALOG_COMPILER_GLOBAL_ACCENT_COLOR_NAME = AccentColor;
				CODE_SIGN_STYLE = Automatic;
				CURRENT_PROJECT_VERSION = 1;
				DEVELOPMENT_TEAM = H4CNC953L3;
				ENABLE_USER_SCRIPT_SANDBOXING = YES;
				GENERATE_INFOPLIST_FILE = YES;
				INFOPLIST_FILE = chatter/Info.plist;
				INFOPLIST_KEY_UIApplicationSupportsIndirectInputEvents = YES;
				INFOPLIST_KEY_UILaunchStoryboardName = LaunchScreen;
				INFOPLIST_KEY_UISupportedInterfaceOrientations_iPad = "UIInterfaceOrientationPortrait UIInterfaceOrientationPortraitUpsideDown UIInterfaceOrientationLandscapeLeft UIInterfaceOrientationLandscapeRight";
				INFOPLIST_KEY_UISupportedInterfaceOrientations_iPhone = "UIInterfaceOrientationPortrait UIInterfaceOrientationLandscapeLeft UIInterfaceOrientationLandscapeRight";
				IPHONEOS_DEPLOYMENT_TARGET = 15.0;
				LD_RUNPATH_SEARCH_PATHS = (
					"$(inherited)",
					"@executable_path/Frameworks",
				);
				MARKETING_VERSION = 1.0;
				PRODUCT_BUNDLE_IDENTIFIER = kr.hs.dgsw.chatter;
				PRODUCT_NAME = "$(TARGET_NAME)";
				SUPPORTED_PLATFORMS = "iphoneos iphonesimulator";
				SUPPORTS_MACCATALYST = NO;
				SUPPORTS_MAC_DESIGNED_FOR_IPHONE_IPAD = NO;
				SWIFT_EMIT_LOC_STRINGS = YES;
				SWIFT_VERSION = 5.0;
				TARGETED_DEVICE_FAMILY = 1;
			};
			name = Debug;
		};
		52721FE72ACFA14A00FD60E8 /* Release */ = {
			isa = XCBuildConfiguration;
			buildSettings = {
				ASSETCATALOG_COMPILER_APPICON_NAME = AppIcon;
				ASSETCATALOG_COMPILER_GLOBAL_ACCENT_COLOR_NAME = AccentColor;
				CODE_SIGN_STYLE = Automatic;
				CURRENT_PROJECT_VERSION = 1;
				DEVELOPMENT_TEAM = H4CNC953L3;
				ENABLE_USER_SCRIPT_SANDBOXING = YES;
				GENERATE_INFOPLIST_FILE = YES;
				INFOPLIST_FILE = chatter/Info.plist;
				INFOPLIST_KEY_UIApplicationSupportsIndirectInputEvents = YES;
				INFOPLIST_KEY_UILaunchStoryboardName = LaunchScreen;
				INFOPLIST_KEY_UISupportedInterfaceOrientations_iPad = "UIInterfaceOrientationPortrait UIInterfaceOrientationPortraitUpsideDown UIInterfaceOrientationLandscapeLeft UIInterfaceOrientationLandscapeRight";
				INFOPLIST_KEY_UISupportedInterfaceOrientations_iPhone = "UIInterfaceOrientationPortrait UIInterfaceOrientationLandscapeLeft UIInterfaceOrientationLandscapeRight";
				IPHONEOS_DEPLOYMENT_TARGET = 15.0;
				LD_RUNPATH_SEARCH_PATHS = (
					"$(inherited)",
					"@executable_path/Frameworks",
				);
				MARKETING_VERSION = 1.0;
				PRODUCT_BUNDLE_IDENTIFIER = kr.hs.dgsw.chatter;
				PRODUCT_NAME = "$(TARGET_NAME)";
				SUPPORTED_PLATFORMS = "iphoneos iphonesimulator";
				SUPPORTS_MACCATALYST = NO;
				SUPPORTS_MAC_DESIGNED_FOR_IPHONE_IPAD = NO;
				SWIFT_EMIT_LOC_STRINGS = YES;
				SWIFT_VERSION = 5.0;
				TARGETED_DEVICE_FAMILY = 1;
			};
			name = Release;
		};
/* End XCBuildConfiguration section */

/* Begin XCConfigurationList section */
		52721FCC2ACFA14800FD60E8 /* Build configuration list for PBXProject "chatter" */ = {
			isa = XCConfigurationList;
			buildConfigurations = (
				52721FE32ACFA14A00FD60E8 /* Debug */,
				52721FE42ACFA14A00FD60E8 /* Release */,
			);
			defaultConfigurationIsVisible = 0;
			defaultConfigurationName = Release;
		};
		52721FE52ACFA14A00FD60E8 /* Build configuration list for PBXNativeTarget "chatter" */ = {
			isa = XCConfigurationList;
			buildConfigurations = (
				52721FE62ACFA14A00FD60E8 /* Debug */,
				52721FE72ACFA14A00FD60E8 /* Release */,
			);
			defaultConfigurationIsVisible = 0;
			defaultConfigurationName = Release;
		};
/* End XCConfigurationList section */

/* Begin XCRemoteSwiftPackageReference section */
		5214DB4F2AD1771300CA6DE9 /* XCRemoteSwiftPackageReference "SnapKit" */ = {
			isa = XCRemoteSwiftPackageReference;
			repositoryURL = "https://github.com/SnapKit/SnapKit";
			requirement = {
				kind = upToNextMajorVersion;
				minimumVersion = 5.6.0;
			};
		};
		5214DB522AD1772300CA6DE9 /* XCRemoteSwiftPackageReference "Then" */ = {
			isa = XCRemoteSwiftPackageReference;
			repositoryURL = "https://github.com/devxoul/Then";
			requirement = {
				kind = upToNextMajorVersion;
				minimumVersion = 3.0.0;
			};
		};
		5214DB552AD17B0E00CA6DE9 /* XCRemoteSwiftPackageReference "RxSwift" */ = {
			isa = XCRemoteSwiftPackageReference;
			repositoryURL = "https://github.com/ReactiveX/RxSwift";
			requirement = {
				kind = upToNextMajorVersion;
				minimumVersion = 6.6.0;
			};
		};
/* End XCRemoteSwiftPackageReference section */

/* Begin XCSwiftPackageProductDependency section */
		5214DB502AD1771300CA6DE9 /* SnapKit */ = {
			isa = XCSwiftPackageProductDependency;
			package = 5214DB4F2AD1771300CA6DE9 /* XCRemoteSwiftPackageReference "SnapKit" */;
			productName = SnapKit;
		};
		5214DB532AD1772400CA6DE9 /* Then */ = {
			isa = XCSwiftPackageProductDependency;
			package = 5214DB522AD1772300CA6DE9 /* XCRemoteSwiftPackageReference "Then" */;
			productName = Then;
		};
		5214DB562AD17B0E00CA6DE9 /* RxBlocking */ = {
			isa = XCSwiftPackageProductDependency;
			package = 5214DB552AD17B0E00CA6DE9 /* XCRemoteSwiftPackageReference "RxSwift" */;
			productName = RxBlocking;
		};
		5214DB582AD17B0E00CA6DE9 /* RxCocoa */ = {
			isa = XCSwiftPackageProductDependency;
			package = 5214DB552AD17B0E00CA6DE9 /* XCRemoteSwiftPackageReference "RxSwift" */;
			productName = RxCocoa;
		};
		5214DB5A2AD17B0E00CA6DE9 /* RxRelay */ = {
			isa = XCSwiftPackageProductDependency;
			package = 5214DB552AD17B0E00CA6DE9 /* XCRemoteSwiftPackageReference "RxSwift" */;
			productName = RxRelay;
		};
/* End XCSwiftPackageProductDependency section */
	};
	rootObject = 52721FC92ACFA14800FD60E8 /* Project object */;
}
